
Microsoft Visual Studio Solution File, Format Version 12.00
# Visual Studio Version 17
VisualStudioVersion = 17.14.36717.8 d17.14
MinimumVisualStudioVersion = 10.0.40219.1
Project("{FAE04EC0-301F-11D3-BF4B-00C04F79EFBC}") = "c#practiceConsoleApp2", "c#practiceConsoleApp2.csproj", "{A7824DE8-59C9-4EC6-8B4C-DF072A9AE269}"
EndProject
Global
	GlobalSection(SolutionConfigurationPlatforms) = preSolution
		Debug|Any CPU = Debug|Any CPU
		Release|Any CPU = Release|Any CPU
	EndGlobalSection
	GlobalSection(ProjectConfigurationPlatforms) = postSolution
		{A7824DE8-59C9-4EC6-8B4C-DF072A9AE269}.Debug|Any CPU.ActiveCfg = Debug|Any CPU
		{A7824DE8-59C9-4EC6-8B4C-DF072A9AE269}.Debug|Any CPU.Build.0 = Debug|Any CPU
		{A7824DE8-59C9-4EC6-8B4C-DF072A9AE269}.Release|Any CPU.ActiveCfg = Release|Any CPU
		{A7824DE8-59C9-4EC6-8B4C-DF072A9AE269}.Release|Any CPU.Build.0 = Release|Any CPU
	EndGlobalSection
	GlobalSection(SolutionProperties) = preSolution
		HideSolutionNode = FALSE
	EndGlobalSection
	GlobalSection(ExtensibilityGlobals) = postSolution
		SolutionGuid = {5821C6B3-A0D7-4C71-961E-D4F2343DBF5D}
	EndGlobalSection
EndGlobal
